
Microsoft Visual Studio Solution File, Format Version 12.00
# Visual Studio Version 17
VisualStudioVersion = 17.5.002.0
MinimumVisualStudioVersion = 10.0.40219.1
Project("{9A19103F-16F7-4668-BE54-9A1E7A4F7556}") = "StackUpDAO", "src\StackUpDAO.csproj", "{9F252AAF-8F2F-4A1D-AD0D-943A704148CC}"
EndProject
Project("{9A19103F-16F7-4668-BE54-9A1E7A4F7556}") = "StackUpDAO.Tests", "test\StackUpDAO.Tests.csproj", "{53ABE57E-E097-4162-A5B5-955914638C3D}"
EndProject
Global
	GlobalSection(SolutionConfigurationPlatforms) = preSolution
		Debug|Any CPU = Debug|Any CPU
		Release|Any CPU = Release|Any CPU
	EndGlobalSection
	GlobalSection(ProjectConfigurationPlatforms) = postSolution
		{9F252AAF-8F2F-4A1D-AD0D-943A704148CC}.Debug|Any CPU.ActiveCfg = Debug|Any CPU
		{9F252AAF-8F2F-4A1D-AD0D-943A704148CC}.Debug|Any CPU.Build.0 = Debug|Any CPU
		{9F252AAF-8F2F-4A1D-AD0D-943A704148CC}.Release|Any CPU.ActiveCfg = Release|Any CPU
		{9F252AAF-8F2F-4A1D-AD0D-943A704148CC}.Release|Any CPU.Build.0 = Release|Any CPU
		{53ABE57E-E097-4162-A5B5-955914638C3D}.Debug|Any CPU.ActiveCfg = Debug|Any CPU
		{53ABE57E-E097-4162-A5B5-955914638C3D}.Debug|Any CPU.Build.0 = Debug|Any CPU
		{53ABE57E-E097-4162-A5B5-955914638C3D}.Release|Any CPU.ActiveCfg = Release|Any CPU
		{53ABE57E-E097-4162-A5B5-955914638C3D}.Release|Any CPU.Build.0 = Release|Any CPU
	EndGlobalSection
	GlobalSection(SolutionProperties) = preSolution
		HideSolutionNode = FALSE
	EndGlobalSection
	GlobalSection(ExtensibilityGlobals) = postSolution
		SolutionGuid = {693D6B46-723D-4B68-8AA5-8143EAD9FE56}
	EndGlobalSection
EndGlobal
